
Microsoft Visual Studio Solution File, Format Version 12.00
# Visual Studio Version 17
VisualStudioVersion = 17.1.32414.318
MinimumVisualStudioVersion = 10.0.40219.1
Project("{9A19103F-16F7-4668-BE54-9A1E7A4F7556}") = "student details", "student details\student details.csproj", "{79A56B68-6536-4AE5-A110-B95AE099B341}"
EndProject
Project("{2150E333-8FDC-42A3-9474-1A3956D46DE8}") = "Solution Folder", "Solution Folder", "{0E683EAA-3BC1-4858-999B-C2292651E4A2}"
	ProjectSection(SolutionItems) = preProject
		.gitignore = .gitignore
	EndProjectSection
EndProject
Global
	GlobalSection(SolutionConfigurationPlatforms) = preSolution
		Debug|Any CPU = Debug|Any CPU
		Release|Any CPU = Release|Any CPU
	EndGlobalSection
	GlobalSection(ProjectConfigurationPlatforms) = postSolution
		{79A56B68-6536-4AE5-A110-B95AE099B341}.Debug|Any CPU.ActiveCfg = Debug|Any CPU
		{79A56B68-6536-4AE5-A110-B95AE099B341}.Debug|Any CPU.Build.0 = Debug|Any CPU
		{79A56B68-6536-4AE5-A110-B95AE099B341}.Release|Any CPU.ActiveCfg = Release|Any CPU
		{79A56B68-6536-4AE5-A110-B95AE099B341}.Release|Any CPU.Build.0 = Release|Any CPU
	EndGlobalSection
	GlobalSection(SolutionProperties) = preSolution
		HideSolutionNode = FALSE
	EndGlobalSection
	GlobalSection(ExtensibilityGlobals) = postSolution
		SolutionGuid = {F7FB01CE-644F-4D93-87EB-E9FCB017F310}
	EndGlobalSection
EndGlobal
